# THIS IS AN AUTOGENERATED FILE. DO NOT EDIT THIS FILE DIRECTLY.
# yarn lockfile v1


"@babel/parser@^7.16.4":
  "integrity" "sha512-FLzHmN9V3AJIrWfOpvRlZCeVg/WLdicSnTMsLur6uDj9TT8ymUlG9XxURdW/XvuygK+2CW0poOJABdA4m/YKxA=="
  "resolved" "https://registry.npmjs.org/@babel/parser/-/parser-7.17.12.tgz"
  "version" "7.17.12"

"@ctrl/tinycolor@^3.4.1":
  "integrity" "sha512-ej5oVy6lykXsvieQtqZxCOaLT+xD4+QNarq78cIYISHmZXshCvROLudpQN3lfL8G0NL7plMSSK+zlyvCaIJ4Iw=="
  "resolved" "https://registry.npmjs.org/@ctrl/tinycolor/-/tinycolor-3.4.1.tgz"
  "version" "3.4.1"

"@element-plus/icons-vue@^1.1.4":
  "integrity" "sha512-Iz/nHqdp1sFPmdzRwHkEQQA3lKvoObk8azgABZ81QUOpW9s/lUyQVUSh0tNtEPZXQlKwlSh7SPgoVxzrE0uuVQ=="
  "resolved" "https://registry.npmjs.org/@element-plus/icons-vue/-/icons-vue-1.1.4.tgz"
  "version" "1.1.4"

"@floating-ui/core@^0.6.2":
  "integrity" "sha512-jktYRmZwmau63adUG3GKOAVCofBXkk55S/zQ94XOorAHhwqFIOFAy1rSp2N0Wp6/tGbe9V3u/ExlGZypyY17rg=="
  "resolved" "https://registry.npmjs.org/@floating-ui/core/-/core-0.6.2.tgz"
  "version" "0.6.2"

"@floating-ui/dom@^0.4.5":
  "integrity" "sha512-b+prvQgJt8pieaKYMSJBXHxX/DYwdLsAWxKYqnO5dO2V4oo/TYBZJAUQCVNjTWWsrs6o4VDrNcP9+E70HAhJdw=="
  "resolved" "https://registry.npmjs.org/@floating-ui/dom/-/dom-0.4.5.tgz"
  "version" "0.4.5"
  dependencies:
    "@floating-ui/core" "^0.6.2"

"@popperjs/core@npm:@sxzz/popperjs-es@^2.11.6":
  "integrity" "sha512-Ccy0NlLkzr0Ex2FKvh2X+OyERHXJ88XJ1MXtsI9y9fGexlaXaVTPzBCRBwIxFkORuOb+uBqeu+RqnpgYTEZRUQ=="
  "resolved" "https://registry.npmjs.org/@sxzz/popperjs-es/-/popperjs-es-2.11.7.tgz"
  "version" "2.11.7"

"@types/lodash-es@*", "@types/lodash-es@^4.17.6":
  "integrity" "sha512-R+zTeVUKDdfoRxpAryaQNRKk3105Rrgx2CFRClIgRGaqDTdjsm8h6IYA8ir584W3ePzkZfst5xIgDwYrlh9HLg=="
  "resolved" "https://registry.npmjs.org/@types/lodash-es/-/lodash-es-4.17.6.tgz"
  "version" "4.17.6"
  dependencies:
    "@types/lodash" "*"

"@types/lodash@*", "@types/lodash@^4.14.182":
  "integrity" "sha512-/THyiqyQAP9AfARo4pF+aCGcyiQ94tX/Is2I7HofNRqoYLgN1PBoOWu2/zTA5zMxzP5EFutMtWtGAFRKUe961Q=="
  "resolved" "https://registry.npmjs.org/@types/lodash/-/lodash-4.14.182.tgz"
  "version" "4.14.182"

"@vitejs/plugin-vue@^2.3.3":
  "integrity" "sha512-SmQLDyhz+6lGJhPELsBdzXGc+AcaT8stgkbiTFGpXPe8Tl1tJaBw1A6pxDqDuRsVkD8uscrkx3hA7QDOoKYtyw=="
  "resolved" "https://registry.npmjs.org/@vitejs/plugin-vue/-/plugin-vue-2.3.3.tgz"
  "version" "2.3.3"

"@vue-office/docx@^1.3.2":
  "integrity" "sha512-0VTU4Q0onVhIzq2TH7uRxBOp5tx6ItjBbellWBQ4VXRQUYWchaF+XZhfztWlIGesv+Yq0NpBLZGGJci9TTOkgA=="
  "resolved" "https://registry.npmjs.org/@vue-office/docx/-/docx-1.3.2.tgz"
  "version" "1.3.2"

"@vue-office/excel@^1.4.7":
  "integrity" "sha512-ouwgxE0tDp9amNx/itQLNmWIi9EmRpEJZ64YWOIuN65InYu+77qU6xi13iJvt1wvwtfQ3GN7aNUqWzMU8KLOjg=="
  "resolved" "https://registry.npmjs.org/@vue-office/excel/-/excel-1.4.7.tgz"
  "version" "1.4.7"

"@vue-office/pdf@^1.5.5":
  "integrity" "sha512-WjybKkhKl0zKtmtxTC7Z0ws6cZCjWtZ96KowZ1JgNClUrXz8Y3oT69c3kJzVL4RnHnz5ApMUaa4gTrhb4VreQw=="
  "resolved" "https://registry.npmjs.org/@vue-office/pdf/-/pdf-1.5.5.tgz"
  "version" "1.5.5"

"@vue/compiler-core@3.2.33":
  "integrity" "sha512-AAmr52ji3Zhk7IKIuigX2osWWsb2nQE5xsdFYjdnmtQ4gymmqXbjLvkSE174+fF3A3kstYrTgGkqgOEbsdLDpw=="
  "resolved" "https://registry.npmjs.org/@vue/compiler-core/-/compiler-core-3.2.33.tgz"
  "version" "3.2.33"
  dependencies:
    "@babel/parser" "^7.16.4"
    "@vue/shared" "3.2.33"
    "estree-walker" "^2.0.2"
    "source-map" "^0.6.1"

"@vue/compiler-dom@3.2.33":
  "integrity" "sha512-GhiG1C8X98Xz9QUX/RlA6/kgPBWJkjq0Rq6//5XTAGSYrTMBgcLpP9+CnlUg1TFxnnCVughAG+KZl28XJqw8uQ=="
  "resolved" "https://registry.npmjs.org/@vue/compiler-dom/-/compiler-dom-3.2.33.tgz"
  "version" "3.2.33"
  dependencies:
    "@vue/compiler-core" "3.2.33"
    "@vue/shared" "3.2.33"

"@vue/compiler-sfc@3.2.33":
  "integrity" "sha512-H8D0WqagCr295pQjUYyO8P3IejM3vEzeCO1apzByAEaAR/WimhMYczHfZVvlCE/9yBaEu/eu9RdiWr0kF8b71Q=="
  "resolved" "https://registry.npmjs.org/@vue/compiler-sfc/-/compiler-sfc-3.2.33.tgz"
  "version" "3.2.33"
  dependencies:
    "@babel/parser" "^7.16.4"
    "@vue/compiler-core" "3.2.33"
    "@vue/compiler-dom" "3.2.33"
    "@vue/compiler-ssr" "3.2.33"
    "@vue/reactivity-transform" "3.2.33"
    "@vue/shared" "3.2.33"
    "estree-walker" "^2.0.2"
    "magic-string" "^0.25.7"
    "postcss" "^8.1.10"
    "source-map" "^0.6.1"

"@vue/compiler-ssr@3.2.33":
  "integrity" "sha512-XQh1Xdk3VquDpXsnoCd7JnMoWec9CfAzQDQsaMcSU79OrrO2PNR0ErlIjm/mGq3GmBfkQjzZACV+7GhfRB8xMQ=="
  "resolved" "https://registry.npmjs.org/@vue/compiler-ssr/-/compiler-ssr-3.2.33.tgz"
  "version" "3.2.33"
  dependencies:
    "@vue/compiler-dom" "3.2.33"
    "@vue/shared" "3.2.33"

"@vue/devtools-api@^6.0.0":
  "integrity" "sha512-IiA0SvDrJEgXvVxjNkHPFfDx6SXw0b/TUkqMcDZWNg9fnCAHbTpoo59YfJ9QLFkwa3raau5vSlRVzMSLDnfdtQ=="
  "resolved" "https://registry.npmjs.org/@vue/devtools-api/-/devtools-api-6.1.4.tgz"
  "version" "6.1.4"

"@vue/reactivity-transform@3.2.33":
  "integrity" "sha512-4UL5KOIvSQb254aqenW4q34qMXbfZcmEsV/yVidLUgvwYQQ/D21bGX3DlgPUGI3c4C+iOnNmDCkIxkILoX/Pyw=="
  "resolved" "https://registry.npmjs.org/@vue/reactivity-transform/-/reactivity-transform-3.2.33.tgz"
  "version" "3.2.33"
  dependencies:
    "@babel/parser" "^7.16.4"
    "@vue/compiler-core" "3.2.33"
    "@vue/shared" "3.2.33"
    "estree-walker" "^2.0.2"
    "magic-string" "^0.25.7"

"@vue/reactivity@3.2.33":
  "integrity" "sha512-62Sq0mp9/0bLmDuxuLD5CIaMG2susFAGARLuZ/5jkU1FCf9EDbwUuF+BO8Ub3Rbodx0ziIecM/NsmyjardBxfQ=="
  "resolved" "https://registry.npmjs.org/@vue/reactivity/-/reactivity-3.2.33.tgz"
  "version" "3.2.33"
  dependencies:
    "@vue/shared" "3.2.33"

"@vue/runtime-core@3.2.33":
  "integrity" "sha512-N2D2vfaXsBPhzCV3JsXQa2NECjxP3eXgZlFqKh4tgakp3iX6LCGv76DLlc+IfFZq+TW10Y8QUfeihXOupJ1dGw=="
  "resolved" "https://registry.npmjs.org/@vue/runtime-core/-/runtime-core-3.2.33.tgz"
  "version" "3.2.33"
  dependencies:
    "@vue/reactivity" "3.2.33"
    "@vue/shared" "3.2.33"

"@vue/runtime-dom@3.2.33":
  "integrity" "sha512-LSrJ6W7CZTSUygX5s8aFkraDWlO6K4geOwA3quFF2O+hC3QuAMZt/0Xb7JKE3C4JD4pFwCSO7oCrZmZ0BIJUnw=="
  "resolved" "https://registry.npmjs.org/@vue/runtime-dom/-/runtime-dom-3.2.33.tgz"
  "version" "3.2.33"
  dependencies:
    "@vue/runtime-core" "3.2.33"
    "@vue/shared" "3.2.33"
    "csstype" "^2.6.8"

"@vue/server-renderer@3.2.33":
  "integrity" "sha512-4jpJHRD4ORv8PlbYi+/MfP8ec1okz6rybe36MdpkDrGIdEItHEUyaHSKvz+ptNEyQpALmmVfRteHkU9F8vxOew=="
  "resolved" "https://registry.npmjs.org/@vue/server-renderer/-/server-renderer-3.2.33.tgz"
  "version" "3.2.33"
  dependencies:
    "@vue/compiler-ssr" "3.2.33"
    "@vue/shared" "3.2.33"

"@vue/shared@3.2.33":
  "integrity" "sha512-UBc1Pg1T3yZ97vsA2ueER0F6GbJebLHYlEi4ou1H5YL4KWvMOOWwpYo9/QpWq93wxKG6Wo13IY74Hcn/f7c7Bg=="
  "resolved" "https://registry.npmjs.org/@vue/shared/-/shared-3.2.33.tgz"
  "version" "3.2.33"

"@vueuse/core@^8.2.6":
  "integrity" "sha512-VEJ6sGNsPlUp0o9BGda2YISvDZbhWJSOJu5zlp2TufRGVrLcYUKr31jyFEOj6RXzG3k/H4aCYeZyjpItfU8glw=="
  "resolved" "https://registry.npmjs.org/@vueuse/core/-/core-8.5.0.tgz"
  "version" "8.5.0"
  dependencies:
    "@vueuse/metadata" "8.5.0"
    "@vueuse/shared" "8.5.0"
    "vue-demi" "*"

"@vueuse/metadata@8.5.0":
  "integrity" "sha512-WxsD+Cd+bn+HcjpY6Dl9FJ8ywTRTT9pTwk3bCQpzEhXVYAyNczKDSahk50fCfIJKeWHhyI4B2+/ZEOxQAkUr0g=="
  "resolved" "https://registry.npmjs.org/@vueuse/metadata/-/metadata-8.5.0.tgz"
  "version" "8.5.0"

"@vueuse/shared@8.5.0":
  "integrity" "sha512-qKG+SZb44VvGD4dU5cQ63z4JE2Yk39hQUecR0a9sEdJA01cx+XrxAvFKJfPooxwoiqalAVw/ktWK6xbyc/jS3g=="
  "resolved" "https://registry.npmjs.org/@vueuse/shared/-/shared-8.5.0.tgz"
  "version" "8.5.0"
  dependencies:
    "vue-demi" "*"

"async-validator@^4.0.7":
  "integrity" "sha512-p4DO/JXwjs8klJyJL8Q2oM4ks5fUTze/h5k10oPPKMiLe1fj3G1QMzPHNmN1Py4ycOk7WlO2DcGXv1qiESJCZA=="
  "resolved" "https://registry.npmjs.org/async-validator/-/async-validator-4.1.1.tgz"
  "version" "4.1.1"

"asynckit@^0.4.0":
  "integrity" "sha512-Oei9OH4tRh0YqU3GxhX79dM/mwVgvbZJaSNaRk+bshkj0S5cfHcgYakreBjrHwatXKbz+IoIdYLxrKim2MjW0Q=="
  "resolved" "https://registry.npmjs.org/asynckit/-/asynckit-0.4.0.tgz"
  "version" "0.4.0"

"axios@^0.27.2":
  "integrity" "sha512-t+yRIyySRTp/wua5xEr+z1q60QmLq8ABsS5O9Me1AsE5dfKqgnCFzwiCZZ/cGNd1lq4/7akDWMxdhVlucjmnOQ=="
  "resolved" "https://registry.npmjs.org/axios/-/axios-0.27.2.tgz"
  "version" "0.27.2"
  dependencies:
    "follow-redirects" "^1.14.9"
    "form-data" "^4.0.0"

"combined-stream@^1.0.8":
  "integrity" "sha512-FQN4MRfuJeHf7cBbBMJFXhKSDq+2kAArBlmRBvcvFE5BB1HZKXtSFASDhdlz9zOYwxh8lDdnvmMOe/+5cdoEdg=="
  "resolved" "https://registry.npmjs.org/combined-stream/-/combined-stream-1.0.8.tgz"
  "version" "1.0.8"
  dependencies:
    "delayed-stream" "~1.0.0"

"csstype@^2.6.8":
  "integrity" "sha512-/WwNkdXfckNgw6S5R125rrW8ez139lBHWouiBvX8dfMFtcn6V81REDqnH7+CRpRipfYlyU1CmOnOxrmGcFOjeA=="
  "resolved" "https://registry.npmjs.org/csstype/-/csstype-2.6.20.tgz"
  "version" "2.6.20"

"dayjs@^1.11.1":
  "integrity" "sha512-F4LXf1OeU9hrSYRPTTj/6FbO4HTjPKXvEIC1P2kcnFurViINCVk3ZV0xAS3XVx9MkMsXbbqlK6hjseaYbgKEHw=="
  "resolved" "https://registry.npmjs.org/dayjs/-/dayjs-1.11.2.tgz"
  "version" "1.11.2"

"delayed-stream@~1.0.0":
  "integrity" "sha1-3zrhmayt+31ECqrgsp4icrJOxhk= sha512-ZySD7Nf91aLB0RxL4KGrKHBXl7Eds1DAmEdcoVawXnLD7SDhpNgtuII2aAkg7a7QS41jxPSZ17p4VdGnMHk3MQ=="
  "resolved" "https://registry.npmjs.org/delayed-stream/-/delayed-stream-1.0.0.tgz"
  "version" "1.0.0"

"element-plus@^2.2.0":
  "integrity" "sha512-zxmAFEAa1T/n09rR+NozXcWl5CjaFtqoaxhFSafag0dgc90tgEHitDXfegdFAl4ahugdNTqu9aLzngx3VhDAtA=="
  "resolved" "https://registry.npmjs.org/element-plus/-/element-plus-2.2.0.tgz"
  "version" "2.2.0"
  dependencies:
    "@ctrl/tinycolor" "^3.4.1"
    "@element-plus/icons-vue" "^1.1.4"
    "@floating-ui/dom" "^0.4.5"
    "@popperjs/core" "npm:@sxzz/popperjs-es@^2.11.6"
    "@types/lodash" "^4.14.182"
    "@types/lodash-es" "^4.17.6"
    "@vueuse/core" "^8.2.6"
    "async-validator" "^4.0.7"
    "dayjs" "^1.11.1"
    "escape-html" "^1.0.3"
    "lodash" "^4.17.21"
    "lodash-es" "^4.17.21"
    "lodash-unified" "^1.0.2"
    "memoize-one" "^6.0.0"
    "normalize-wheel-es" "^1.1.2"

"esbuild-windows-64@0.14.39":
  "integrity" "sha512-E2wm+5FwCcLpKsBHRw28bSYQw0Ikxb7zIMxw3OPAkiaQhLVr3dnVO8DofmbWhhf6b97bWzg37iSZ45ZDpLw7Ow=="
  "resolved" "https://registry.npmjs.org/esbuild-windows-64/-/esbuild-windows-64-0.14.39.tgz"
  "version" "0.14.39"

"esbuild@^0.14.27":
  "integrity" "sha512-2kKujuzvRWYtwvNjYDY444LQIA3TyJhJIX3Yo4+qkFlDDtGlSicWgeHVJqMUP/2sSfH10PGwfsj+O2ro1m10xQ=="
  "resolved" "https://registry.npmjs.org/esbuild/-/esbuild-0.14.39.tgz"
  "version" "0.14.39"
  optionalDependencies:
    "esbuild-android-64" "0.14.39"
    "esbuild-android-arm64" "0.14.39"
    "esbuild-darwin-64" "0.14.39"
    "esbuild-darwin-arm64" "0.14.39"
    "esbuild-freebsd-64" "0.14.39"
    "esbuild-freebsd-arm64" "0.14.39"
    "esbuild-linux-32" "0.14.39"
    "esbuild-linux-64" "0.14.39"
    "esbuild-linux-arm" "0.14.39"
    "esbuild-linux-arm64" "0.14.39"
    "esbuild-linux-mips64le" "0.14.39"
    "esbuild-linux-ppc64le" "0.14.39"
    "esbuild-linux-riscv64" "0.14.39"
    "esbuild-linux-s390x" "0.14.39"
    "esbuild-netbsd-64" "0.14.39"
    "esbuild-openbsd-64" "0.14.39"
    "esbuild-sunos-64" "0.14.39"
    "esbuild-windows-32" "0.14.39"
    "esbuild-windows-64" "0.14.39"
    "esbuild-windows-arm64" "0.14.39"

"escape-html@^1.0.3":
  "integrity" "sha1-Aljq5NPQwJdN4cFpGI7wBR0dGYg= sha512-NiSupZ4OeuGwr68lGIeym/ksIZMJodUGOSCZ/FSnTxcrekbvqrgdUxlJOMpijaKZVjAJrWrGs/6Jy8OMuyj9ow=="
  "resolved" "https://registry.npmjs.org/escape-html/-/escape-html-1.0.3.tgz"
  "version" "1.0.3"

"estree-walker@^2.0.2":
  "integrity" "sha512-Rfkk/Mp/DL7JVje3u18FxFujQlTNR2q6QfMSMB7AvCBx91NGj/ba3kCfza0f6dVDbw7YlRf/nDrn7pQrCCyQ/w=="
  "resolved" "https://registry.npmjs.org/estree-walker/-/estree-walker-2.0.2.tgz"
  "version" "2.0.2"

"follow-redirects@^1.14.9":
  "integrity" "sha512-aExlJShTV4qOUOL7yF1U5tvLCB0xQuudbf6toyYA0E/acBNw71mvjFTnLaRp50aQaYocMR0a/RMMBIHeZnGyjQ=="
  "resolved" "https://registry.npmjs.org/follow-redirects/-/follow-redirects-1.15.0.tgz"
  "version" "1.15.0"

"form-data@^4.0.0":
  "integrity" "sha512-ETEklSGi5t0QMZuiXoA/Q6vcnxcLQP5vdugSpuAyi6SVGi2clPPp+xgEhuMaHC+zGgn31Kd235W35f7Hykkaww=="
  "resolved" "https://registry.npmjs.org/form-data/-/form-data-4.0.0.tgz"
  "version" "4.0.0"
  dependencies:
    "asynckit" "^0.4.0"
    "combined-stream" "^1.0.8"
    "mime-types" "^2.1.12"

"function-bind@^1.1.1":
  "integrity" "sha512-yIovAzMX49sF8Yl58fSCWJ5svSLuaibPxXQJFLmBObTuCr0Mf1KiPopGM9NiFjiYBCbfaa2Fh6breQ6ANVTI0A=="
  "resolved" "https://registry.npmjs.org/function-bind/-/function-bind-1.1.1.tgz"
  "version" "1.1.1"

"has@^1.0.3":
  "integrity" "sha512-f2dvO0VU6Oej7RkWJGrehjbzMAjFp5/VKPp5tTpWIV4JHHZK1/BxbFRtf/siA2SWTe09caDmVtYYzWEIbBS4zw=="
  "resolved" "https://registry.npmjs.org/has/-/has-1.0.3.tgz"
  "version" "1.0.3"
  dependencies:
    "function-bind" "^1.1.1"

"is-core-module@^2.8.1":
  "integrity" "sha512-+5FPy5PnwmO3lvfMb0AsoPaBG+5KHUI0wYFXOtYPnVVVspTFUuMZNfNaNVRt3FZadstu2c8x23vykRW/NBoU6A=="
  "resolved" "https://registry.npmjs.org/is-core-module/-/is-core-module-2.9.0.tgz"
  "version" "2.9.0"
  dependencies:
    "has" "^1.0.3"

"lodash-es@*", "lodash-es@^4.17.21":
  "integrity" "sha512-mKnC+QJ9pWVzv+C4/U3rRsHapFfHvQFoFB92e52xeyGMcX6/OlIl78je1u8vePzYZSkkogMPJ2yjxxsb89cxyw=="
  "resolved" "https://registry.npmjs.org/lodash-es/-/lodash-es-4.17.21.tgz"
  "version" "4.17.21"

"lodash-unified@^1.0.2":
  "integrity" "sha512-OGbEy+1P+UT26CYi4opY4gebD8cWRDxAT6MAObIVQMiqYdxZr1g3QHWCToVsm31x2NkLS4K3+MC2qInaRMa39g=="
  "resolved" "https://registry.npmjs.org/lodash-unified/-/lodash-unified-1.0.2.tgz"
  "version" "1.0.2"

"lodash@*", "lodash@^4.17.21":
  "integrity" "sha512-v2kDEe57lecTulaDIuNTPy3Ry4gLGJ6Z1O3vE1krgXZNrsQ+LFTGHVxVjcXPs17LhbZVGedAJv8XZ1tvj5FvSg=="
  "resolved" "https://registry.npmjs.org/lodash/-/lodash-4.17.21.tgz"
  "version" "4.17.21"

"magic-string@^0.25.7":
  "integrity" "sha512-RmF0AsMzgt25qzqqLc1+MbHmhdx0ojF2Fvs4XnOqz2ZOBXzzkEwc/dJQZCYHAn7v1jbVOjAZfK8msRn4BxO4VQ=="
  "resolved" "https://registry.npmjs.org/magic-string/-/magic-string-0.25.9.tgz"
  "version" "0.25.9"
  dependencies:
    "sourcemap-codec" "^1.4.8"

"memoize-one@^6.0.0":
  "integrity" "sha512-rkpe71W0N0c0Xz6QD0eJETuWAJGnJ9afsl1srmwPrI+yBCkge5EycXXbYRyvL29zZVUWQCY7InPRCv3GDXuZNw=="
  "resolved" "https://registry.npmjs.org/memoize-one/-/memoize-one-6.0.0.tgz"
  "version" "6.0.0"

"mime-db@1.52.0":
  "integrity" "sha512-sPU4uV7dYlvtWJxwwxHD0PuihVNiE7TyAbQ5SWxDCB9mUYvOgroQOwYQQOKPJ8CIbE+1ETVlOoK1UC2nU3gYvg=="
  "resolved" "https://registry.npmjs.org/mime-db/-/mime-db-1.52.0.tgz"
  "version" "1.52.0"

"mime-types@^2.1.12":
  "integrity" "sha512-ZDY+bPm5zTTF+YpCrAU9nK0UgICYPT0QtT1NZWFv4s++TNkcgVaT0g6+4R2uI4MjQjzysHB1zxuWL50hzaeXiw=="
  "resolved" "https://registry.npmjs.org/mime-types/-/mime-types-2.1.35.tgz"
  "version" "2.1.35"
  dependencies:
    "mime-db" "1.52.0"

"nanoid@^3.3.3":
  "integrity" "sha512-MqBkQh/OHTS2egovRtLk45wEyNXwF+cokD+1YPf9u5VfJiRdAiRwB2froX5Co9Rh20xs4siNPm8naNotSD6RBw=="
  "resolved" "https://registry.npmjs.org/nanoid/-/nanoid-3.3.4.tgz"
  "version" "3.3.4"

"normalize-wheel-es@^1.1.2":
  "integrity" "sha512-scX83plWJXYH1J4+BhAuIHadROzxX0UBF3+HuZNY2Ks8BciE7tSTQ+5JhTsvzjaO0/EJdm4JBGrfObKxFf3Png=="
  "resolved" "https://registry.npmjs.org/normalize-wheel-es/-/normalize-wheel-es-1.1.2.tgz"
  "version" "1.1.2"

"path-parse@^1.0.7":
  "integrity" "sha512-LDJzPVEEEPR+y48z93A0Ed0yXb8pAByGWo/k5YYdYgpY2/2EsOsksJrq7lOHxryrVOn1ejG6oAp8ahvOIQD8sw=="
  "resolved" "https://registry.npmjs.org/path-parse/-/path-parse-1.0.7.tgz"
  "version" "1.0.7"

"picocolors@^1.0.0":
  "integrity" "sha512-1fygroTLlHu66zi26VoTDv8yRgm0Fccecssto+MhsZ0D/DGW2sm8E8AjW7NU5VVTRt5GxbeZ5qBuJr+HyLYkjQ=="
  "resolved" "https://registry.npmjs.org/picocolors/-/picocolors-1.0.0.tgz"
  "version" "1.0.0"

"postcss@^8.1.10", "postcss@^8.4.13":
  "integrity" "sha512-jtL6eTBrza5MPzy8oJLFuUscHDXTV5KcLlqAWHl5q5WYRfnNRGSmOZmOZ1T6Gy7A99mOZfqungmZMpMmCVJ8ZA=="
  "resolved" "https://registry.npmjs.org/postcss/-/postcss-8.4.13.tgz"
  "version" "8.4.13"
  dependencies:
    "nanoid" "^3.3.3"
    "picocolors" "^1.0.0"
    "source-map-js" "^1.0.2"

"resolve@^1.22.0":
  "integrity" "sha512-Hhtrw0nLeSrFQ7phPp4OOcVjLPIeMnRlr5mcnVuMe7M/7eBn98A3hmFRLoFo3DLZkivSYwhRUJTyPyWAk56WLw=="
  "resolved" "https://registry.npmjs.org/resolve/-/resolve-1.22.0.tgz"
  "version" "1.22.0"
  dependencies:
    "is-core-module" "^2.8.1"
    "path-parse" "^1.0.7"
    "supports-preserve-symlinks-flag" "^1.0.0"

"rollup@^2.59.0":
  "integrity" "sha512-h/UngC3S4Zt28mB3g0+2YCMegT5yoftnQplwzPqGZcKvlld5e+kT/QRmJiL+qxGyZKOYpgirWGdLyEO1b0dpLQ=="
  "resolved" "https://registry.npmjs.org/rollup/-/rollup-2.73.0.tgz"
  "version" "2.73.0"
  optionalDependencies:
    "fsevents" "~2.3.2"

"source-map-js@^1.0.2":
  "integrity" "sha512-R0XvVJ9WusLiqTCEiGCmICCMplcCkIwwR11mOSD9CR5u+IXYdiseeEuXCVAjS54zqwkLcPNnmU4OeJ6tUrWhDw=="
  "resolved" "https://registry.npmjs.org/source-map-js/-/source-map-js-1.0.2.tgz"
  "version" "1.0.2"

"source-map@^0.6.1":
  "integrity" "sha512-UjgapumWlbMhkBgzT7Ykc5YXUT46F0iKu8SGXq0bcwP5dz/h0Plj6enJqjz1Zbq2l5WaqYnrVbwWOWMyF3F47g=="
  "resolved" "https://registry.npmjs.org/source-map/-/source-map-0.6.1.tgz"
  "version" "0.6.1"

"sourcemap-codec@^1.4.8":
  "integrity" "sha512-9NykojV5Uih4lgo5So5dtw+f0JgJX30KCNI8gwhz2J9A15wD0Ml6tjHKwf6fTSa6fAdVBdZeNOs9eJ71qCk8vA=="
  "resolved" "https://registry.npmjs.org/sourcemap-codec/-/sourcemap-codec-1.4.8.tgz"
  "version" "1.4.8"

"splitpanes@^3.1.5":
  "integrity" "sha512-r3Mq2ITFQ5a2VXLOy4/Sb2Ptp7OfEO8YIbhVJqJXoFc9hc5nTXXkCvtVDjIGbvC0vdE7tse+xTM9BMjsszP6bw=="
  "resolved" "https://registry.npmjs.org/splitpanes/-/splitpanes-3.1.5.tgz"
  "version" "3.1.5"

"supports-preserve-symlinks-flag@^1.0.0":
  "integrity" "sha512-ot0WnXS9fgdkgIcePe6RHNk1WA8+muPa6cSjeR3V8K27q9BB1rTE3R1p7Hv0z1ZyAc8s6Vvv8DIyWf681MAt0w=="
  "resolved" "https://registry.npmjs.org/supports-preserve-symlinks-flag/-/supports-preserve-symlinks-flag-1.0.0.tgz"
  "version" "1.0.0"

"vite@^2.5.10", "vite@^2.9.9":
  "integrity" "sha512-ffaam+NgHfbEmfw/Vuh6BHKKlI/XIAhxE5QSS7gFLIngxg171mg1P3a4LSRME0z2ZU1ScxoKzphkipcYwSD5Ew=="
  "resolved" "https://registry.npmjs.org/vite/-/vite-2.9.9.tgz"
  "version" "2.9.9"
  dependencies:
    "esbuild" "^0.14.27"
    "postcss" "^8.4.13"
    "resolve" "^1.22.0"
    "rollup" "^2.59.0"
  optionalDependencies:
    "fsevents" "~2.3.2"

"vue-demi@*", "vue-demi@^0.13.11":
  "integrity" "sha512-IR8HoEEGM65YY3ZJYAjMlKygDQn25D5ajNFNoKh9RSDMQtlzCxtfQjdQgv9jjK+m3377SsJXY8ysq8kLCZL25A=="
  "resolved" "https://registry.npmjs.org/vue-demi/-/vue-demi-0.13.11.tgz"
  "version" "0.13.11"

"vue-router@4":
  "integrity" "sha512-xa+pIN9ZqORdIW1MkN2+d9Ui2pCM1b/UMgwYUCZOiFYHAvz/slKKBDha8DLrh5aCG/RibtrpyhKjKOZ85tYyWg=="
  "resolved" "https://registry.npmjs.org/vue-router/-/vue-router-4.0.15.tgz"
  "version" "4.0.15"
  dependencies:
    "@vue/devtools-api" "^6.0.0"

"vue@^2.0.0 || >=3.0.0", "vue@^2.6.0 || ^3.2.0", "vue@^3.0.0-0 || ^2.6.0", "vue@^3.2.0", "vue@^3.2.25", "vue@3.2.33":
  "integrity" "sha512-si1ExAlDUrLSIg/V7D/GgA4twJwfsfgG+t9w10z38HhL/HA07132pUQ2KuwAo8qbCyMJ9e6OqrmWrOCr+jW7ZQ=="
  "resolved" "https://registry.npmjs.org/vue/-/vue-3.2.33.tgz"
  "version" "3.2.33"
  dependencies:
    "@vue/compiler-dom" "3.2.33"
    "@vue/compiler-sfc" "3.2.33"
    "@vue/runtime-dom" "3.2.33"
    "@vue/server-renderer" "3.2.33"
    "@vue/shared" "3.2.33"
